
Microsoft Visual Studio Solution File, Format Version 12.00
# Visual Studio Version 17
VisualStudioVersion = 17.11.35222.181
MinimumVisualStudioVersion = 10.0.40219.1
Project("{FAE04EC0-301F-11D3-BF4B-00C04F79EFBC}") = "дз 1.3", "дз 1.3\дз 1.3.csproj", "{D20719C2-AFC4-4FD5-A808-E48276E78AB4}"
EndProject
Global
	GlobalSection(SolutionConfigurationPlatforms) = preSolution
		Debug|Any CPU = Debug|Any CPU
		Release|Any CPU = Release|Any CPU
	EndGlobalSection
	GlobalSection(ProjectConfigurationPlatforms) = postSolution
		{D20719C2-AFC4-4FD5-A808-E48276E78AB4}.Debug|Any CPU.ActiveCfg = Debug|Any CPU
		{D20719C2-AFC4-4FD5-A808-E48276E78AB4}.Debug|Any CPU.Build.0 = Debug|Any CPU
		{D20719C2-AFC4-4FD5-A808-E48276E78AB4}.Release|Any CPU.ActiveCfg = Release|Any CPU
		{D20719C2-AFC4-4FD5-A808-E48276E78AB4}.Release|Any CPU.Build.0 = Release|Any CPU
	EndGlobalSection
	GlobalSection(SolutionProperties) = preSolution
		HideSolutionNode = FALSE
	EndGlobalSection
	GlobalSection(ExtensibilityGlobals) = postSolution
		SolutionGuid = {EAC29673-ED0C-4B65-BAFA-5A5B0AC62858}
	EndGlobalSection
EndGlobal
