
Microsoft Visual Studio Solution File, Format Version 12.00
# Visual Studio Version 17
VisualStudioVersion = 17.11.35222.181
MinimumVisualStudioVersion = 10.0.40219.1
Project("{FAE04EC0-301F-11D3-BF4B-00C04F79EFBC}") = "кз 7.1", "кз 7.1\кз 7.1.csproj", "{9D64F3FC-9E54-4868-8F03-723407C33264}"
EndProject
Global
	GlobalSection(SolutionConfigurationPlatforms) = preSolution
		Debug|Any CPU = Debug|Any CPU
		Release|Any CPU = Release|Any CPU
	EndGlobalSection
	GlobalSection(ProjectConfigurationPlatforms) = postSolution
		{9D64F3FC-9E54-4868-8F03-723407C33264}.Debug|Any CPU.ActiveCfg = Debug|Any CPU
		{9D64F3FC-9E54-4868-8F03-723407C33264}.Debug|Any CPU.Build.0 = Debug|Any CPU
		{9D64F3FC-9E54-4868-8F03-723407C33264}.Release|Any CPU.ActiveCfg = Release|Any CPU
		{9D64F3FC-9E54-4868-8F03-723407C33264}.Release|Any CPU.Build.0 = Release|Any CPU
	EndGlobalSection
	GlobalSection(SolutionProperties) = preSolution
		HideSolutionNode = FALSE
	EndGlobalSection
	GlobalSection(ExtensibilityGlobals) = postSolution
		SolutionGuid = {CBA2F2DA-D655-431A-B9FD-B7695678D13D}
	EndGlobalSection
EndGlobal
