
Microsoft Visual Studio Solution File, Format Version 12.00
# Visual Studio Version 17
VisualStudioVersion = 17.11.35222.181
MinimumVisualStudioVersion = 10.0.40219.1
Project("{FAE04EC0-301F-11D3-BF4B-00C04F79EFBC}") = "кдз_3", "кдз_3\кдз_3.csproj", "{64A9E96C-B7E6-403E-8B5B-6CA2560F3617}"
EndProject
Global
	GlobalSection(SolutionConfigurationPlatforms) = preSolution
		Debug|Any CPU = Debug|Any CPU
		Release|Any CPU = Release|Any CPU
	EndGlobalSection
	GlobalSection(ProjectConfigurationPlatforms) = postSolution
		{64A9E96C-B7E6-403E-8B5B-6CA2560F3617}.Debug|Any CPU.ActiveCfg = Debug|Any CPU
		{64A9E96C-B7E6-403E-8B5B-6CA2560F3617}.Debug|Any CPU.Build.0 = Debug|Any CPU
		{64A9E96C-B7E6-403E-8B5B-6CA2560F3617}.Release|Any CPU.ActiveCfg = Release|Any CPU
		{64A9E96C-B7E6-403E-8B5B-6CA2560F3617}.Release|Any CPU.Build.0 = Release|Any CPU
	EndGlobalSection
	GlobalSection(SolutionProperties) = preSolution
		HideSolutionNode = FALSE
	EndGlobalSection
	GlobalSection(ExtensibilityGlobals) = postSolution
		SolutionGuid = {0A2A18DD-0CF5-48EC-8B74-0E48A4DA2716}
	EndGlobalSection
EndGlobal
