
Microsoft Visual Studio Solution File, Format Version 12.00
# Visual Studio Version 17
VisualStudioVersion = 17.11.35222.181
MinimumVisualStudioVersion = 10.0.40219.1
Project("{FAE04EC0-301F-11D3-BF4B-00C04F79EFBC}") = "к3 2.4", "к3 2.4\к3 2.4.csproj", "{62FE3A81-0052-4B5B-917C-FB376EAD4FFC}"
EndProject
Global
	GlobalSection(SolutionConfigurationPlatforms) = preSolution
		Debug|Any CPU = Debug|Any CPU
		Release|Any CPU = Release|Any CPU
	EndGlobalSection
	GlobalSection(ProjectConfigurationPlatforms) = postSolution
		{62FE3A81-0052-4B5B-917C-FB376EAD4FFC}.Debug|Any CPU.ActiveCfg = Debug|Any CPU
		{62FE3A81-0052-4B5B-917C-FB376EAD4FFC}.Debug|Any CPU.Build.0 = Debug|Any CPU
		{62FE3A81-0052-4B5B-917C-FB376EAD4FFC}.Release|Any CPU.ActiveCfg = Release|Any CPU
		{62FE3A81-0052-4B5B-917C-FB376EAD4FFC}.Release|Any CPU.Build.0 = Release|Any CPU
	EndGlobalSection
	GlobalSection(SolutionProperties) = preSolution
		HideSolutionNode = FALSE
	EndGlobalSection
	GlobalSection(ExtensibilityGlobals) = postSolution
		SolutionGuid = {E64645EF-CA94-428A-A3F4-0E3B68B2224D}
	EndGlobalSection
EndGlobal
